{
  "originHash" : "9bae955f02f2de4b260a4a90bb181516e2a0f9375e4945b4a1d98e4c8317b14e",
  "pins" : [
    {
      "identity" : "amsmb2",
      "kind" : "remoteSourceControl",
      "location" : "https://github.com/eutialia/AMSMB2.git",
      "state" : {
        "revision" : "365a2c0a0d5af17a48e3d7d9d3d7c12c4ba239cb"
      }
    },
    {
      "identity" : "swift-system",
      "kind" : "remoteSourceControl",
      "location" : "https://github.com/apple/swift-system.git",
      "state" : {
        "revision" : "704705c5c51156ede21172a38654d522ce487074",
        "version" : "1.8.0"
      }
    }
  ],
  "version" : 3
}
